
Microsoft Visual Studio Solution File, Format Version 12.00
# Visual Studio Version 16
VisualStudioVersion = 16.0.30717.126
MinimumVisualStudioVersion = 10.0.40219.1
Project("{FAE04EC0-301F-11D3-BF4B-00C04F79EFBC}") = "ConsoLe", "ConsoLe\ConsoLe.csproj", "{C763772C-D8EB-4701-9D09-5B02348F1D58}"
EndProject
Global
	GlobalSection(SolutionConfigurationPlatforms) = preSolution
		Debug|Any CPU = Debug|Any CPU
		Release|Any CPU = Release|Any CPU
	EndGlobalSection
	GlobalSection(ProjectConfigurationPlatforms) = postSolution
		{C763772C-D8EB-4701-9D09-5B02348F1D58}.Debug|Any CPU.ActiveCfg = Debug|Any CPU
		{C763772C-D8EB-4701-9D09-5B02348F1D58}.Debug|Any CPU.Build.0 = Debug|Any CPU
		{C763772C-D8EB-4701-9D09-5B02348F1D58}.Release|Any CPU.ActiveCfg = Release|Any CPU
		{C763772C-D8EB-4701-9D09-5B02348F1D58}.Release|Any CPU.Build.0 = Release|Any CPU
	EndGlobalSection
	GlobalSection(SolutionProperties) = preSolution
		HideSolutionNode = FALSE
	EndGlobalSection
	GlobalSection(ExtensibilityGlobals) = postSolution
		SolutionGuid = {B7E340AD-5D1E-461E-A5AF-9DB507505851}
	EndGlobalSection
EndGlobal
